// !$*UTF8*$!
{
	archiveVersion = 1;
	classes = {
	};
	objectVersion = 55;
	objects = {

/* Begin PBXBuildFile section */
		025AE9BC277337DF00A45ADB /* AppDelegate.swift in Sources */ = {isa = PBXBuildFile; fileRef = 025AE9BB277337DF00A45ADB /* AppDelegate.swift */; };
		025AE9BE277337DF00A45ADB /* SceneDelegate.swift in Sources */ = {isa = PBXBuildFile; fileRef = 025AE9BD277337DF00A45ADB /* SceneDelegate.swift */; };
		025AE9C0277337DF00A45ADB /* ViewController.swift in Sources */ = {isa = PBXBuildFile; fileRef = 025AE9BF277337DF00A45ADB /* ViewController.swift */; };
		025AE9C3277337DF00A45ADB /* Main.storyboard in Resources */ = {isa = PBXBuildFile; fileRef = 025AE9C1277337DF00A45ADB /* Main.storyboard */; };
		025AE9C5277337E200A45ADB /* Assets.xcassets in Resources */ = {isa = PBXBuildFile; fileRef = 025AE9C4277337E200A45ADB /* Assets.xcassets */; };
		025AE9C8277337E200A45ADB /* LaunchScreen.storyboard in Resources */ = {isa = PBXBuildFile; fileRef = 025AE9C6277337E200A45ADB /* LaunchScreen.storyboard */; };
		025AE9D42773396300A45ADB /* Renderer.mm in Sources */ = {isa = PBXBuildFile; fileRef = 025AE9D22773396300A45ADB /* Renderer.mm */; };
		025AE9D52773396300A45ADB /* GLESRenderer.cpp in Sources */ = {isa = PBXBuildFile; fileRef = 025AE9D32773396300A45ADB /* GLESRenderer.cpp */; };
		025AE9D8277339AF00A45ADB /* Shader.fsh in Resources */ = {isa = PBXBuildFile; fileRef = 025AE9D6277339AE00A45ADB /* Shader.fsh */; };
		025AE9D9277339AF00A45ADB /* Shader.vsh in Resources */ = {isa = PBXBuildFile; fileRef = 025AE9D7277339AF00A45ADB /* Shader.vsh */; };
		3CBC5A5E27F257EC0027E41A /* UIElement.cpp in Sources */ = {isa = PBXBuildFile; fileRef = 3CBC5A5C27F257EC0027E41A /* UIElement.cpp */; };
		3CF7CA1A27F44425000F9B92 /* ExitPortal.png in Resources */ = {isa = PBXBuildFile; fileRef = 3CF7CA1927F44425000F9B92 /* ExitPortal.png */; };
		3CF7CA1D27F47B4D000F9B92 /* Font support in Resources */ = {isa = PBXBuildFile; fileRef = 3CF7CA1C27F47B4D000F9B92 /* Font support */; };
		3CF7CA2027F47B69000F9B92 /* freetype in Resources */ = {isa = PBXBuildFile; fileRef = 3CF7CA1E27F47B69000F9B92 /* freetype */; };
		3D30932427EEF92700F3B6CD /* Cylinder.cpp in Sources */ = {isa = PBXBuildFile; fileRef = 3D30932327EEF92700F3B6CD /* Cylinder.cpp */; };
		3D30932827EF464D00F3B6CD /* coin.jpg in Resources */ = {isa = PBXBuildFile; fileRef = 3D30932727EF464D00F3B6CD /* coin.jpg */; };
		6419068227E383DC00D8EA00 /* Scene.cpp in Sources */ = {isa = PBXBuildFile; fileRef = 6419068027E383DC00D8EA00 /* Scene.cpp */; };
		6419068527E3903400D8EA00 /* SceneManager.cpp in Sources */ = {isa = PBXBuildFile; fileRef = 6419068327E3903400D8EA00 /* SceneManager.cpp */; };
		642CBB2327D669FE00448432 /* Maze.cpp in Sources */ = {isa = PBXBuildFile; fileRef = 642CBB2127D669FE00448432 /* Maze.cpp */; };
		648DD80327E232C800E9FBF0 /* dirt.jpg in Resources */ = {isa = PBXBuildFile; fileRef = 648DD80127E232C800E9FBF0 /* dirt.jpg */; };
		648DD80427E232C800E9FBF0 /* iron.jpg in Resources */ = {isa = PBXBuildFile; fileRef = 648DD80227E232C800E9FBF0 /* iron.jpg */; };
		648DD80727E23FAC00E9FBF0 /* Sphere.cpp in Sources */ = {isa = PBXBuildFile; fileRef = 648DD80527E23FAC00E9FBF0 /* Sphere.cpp */; };
		648DD81227E24CFE00E9FBF0 /* Animator.cpp in Sources */ = {isa = PBXBuildFile; fileRef = 648DD81027E24CFE00E9FBF0 /* Animator.cpp */; };
		977F3A5327C5619A00AB8A7B /* Transform.cpp in Sources */ = {isa = PBXBuildFile; fileRef = 977F3A5127C5619A00AB8A7B /* Transform.cpp */; };
		97F1259327E27A400040AEF8 /* Camera.cpp in Sources */ = {isa = PBXBuildFile; fileRef = 97F1259127E27A400040AEF8 /* Camera.cpp */; };
		E917551F27C60FF800FA6B90 /* GameObject.cpp in Sources */ = {isa = PBXBuildFile; fileRef = E917551D27C60FF800FA6B90 /* GameObject.cpp */; };
		E917552227C6121F00FA6B90 /* Drawable.cpp in Sources */ = {isa = PBXBuildFile; fileRef = E917552027C6121F00FA6B90 /* Drawable.cpp */; };
		E917552527C61CA000FA6B90 /* Cube.cpp in Sources */ = {isa = PBXBuildFile; fileRef = E917552327C61CA000FA6B90 /* Cube.cpp */; };
		E94A9C702806407200F1FFEC /* PhysicsEngine.cpp in Sources */ = {isa = PBXBuildFile; fileRef = E94A9C6F2806407100F1FFEC /* PhysicsEngine.cpp */; };
		E94A9CD6280640BE00F1FFEC /* b2_joint.cpp in Sources */ = {isa = PBXBuildFile; fileRef = E94A9C73280640BE00F1FFEC /* b2_joint.cpp */; };
		E94A9CD7280640BE00F1FFEC /* b2_chain_circle_contact.cpp in Sources */ = {isa = PBXBuildFile; fileRef = E94A9C75280640BE00F1FFEC /* b2_chain_circle_contact.cpp */; };
		E94A9CD8280640BE00F1FFEC /* b2_weld_joint.cpp in Sources */ = {isa = PBXBuildFile; fileRef = E94A9C79280640BE00F1FFEC /* b2_weld_joint.cpp */; };
		E94A9CD9280640BE00F1FFEC /* b2_chain_polygon_contact.cpp in Sources */ = {isa = PBXBuildFile; fileRef = E94A9C7A280640BE00F1FFEC /* b2_chain_polygon_contact.cpp */; };
		E94A9CDA280640BE00F1FFEC /* b2_body.cpp in Sources */ = {isa = PBXBuildFile; fileRef = E94A9C7C280640BE00F1FFEC /* b2_body.cpp */; };
		E94A9CDB280640BE00F1FFEC /* b2_contact.cpp in Sources */ = {isa = PBXBuildFile; fileRef = E94A9C7D280640BE00F1FFEC /* b2_contact.cpp */; };
		E94A9CDC280640BE00F1FFEC /* b2_revolute_joint.cpp in Sources */ = {isa = PBXBuildFile; fileRef = E94A9C7E280640BE00F1FFEC /* b2_revolute_joint.cpp */; };
		E94A9CDD280640BE00F1FFEC /* b2_contact_solver.cpp in Sources */ = {isa = PBXBuildFile; fileRef = E94A9C80280640BE00F1FFEC /* b2_contact_solver.cpp */; };
		E94A9CDE280640BE00F1FFEC /* b2_world_callbacks.cpp in Sources */ = {isa = PBXBuildFile; fileRef = E94A9C81280640BE00F1FFEC /* b2_world_callbacks.cpp */; };
		E94A9CDF280640BE00F1FFEC /* b2_pulley_joint.cpp in Sources */ = {isa = PBXBuildFile; fileRef = E94A9C82280640BE00F1FFEC /* b2_pulley_joint.cpp */; };
		E94A9CE0280640BE00F1FFEC /* b2_polygon_circle_contact.cpp in Sources */ = {isa = PBXBuildFile; fileRef = E94A9C83280640BE00F1FFEC /* b2_polygon_circle_contact.cpp */; };
		E94A9CE1280640BE00F1FFEC /* b2_distance_joint.cpp in Sources */ = {isa = PBXBuildFile; fileRef = E94A9C85280640BE00F1FFEC /* b2_distance_joint.cpp */; };
		E94A9CE2280640BE00F1FFEC /* b2_contact_manager.cpp in Sources */ = {isa = PBXBuildFile; fileRef = E94A9C86280640BE00F1FFEC /* b2_contact_manager.cpp */; };
		E94A9CE3280640BE00F1FFEC /* b2_polygon_contact.cpp in Sources */ = {isa = PBXBuildFile; fileRef = E94A9C87280640BE00F1FFEC /* b2_polygon_contact.cpp */; };
		E94A9CE4280640BE00F1FFEC /* b2_edge_polygon_contact.cpp in Sources */ = {isa = PBXBuildFile; fileRef = E94A9C88280640BE00F1FFEC /* b2_edge_polygon_contact.cpp */; };
		E94A9CE5280640BE00F1FFEC /* b2_edge_circle_contact.cpp in Sources */ = {isa = PBXBuildFile; fileRef = E94A9C89280640BE00F1FFEC /* b2_edge_circle_contact.cpp */; };
		E94A9CE6280640BE00F1FFEC /* b2_gear_joint.cpp in Sources */ = {isa = PBXBuildFile; fileRef = E94A9C8A280640BE00F1FFEC /* b2_gear_joint.cpp */; };
		E94A9CE7280640BE00F1FFEC /* b2_friction_joint.cpp in Sources */ = {isa = PBXBuildFile; fileRef = E94A9C8B280640BE00F1FFEC /* b2_friction_joint.cpp */; };
		E94A9CE8280640BE00F1FFEC /* b2_wheel_joint.cpp in Sources */ = {isa = PBXBuildFile; fileRef = E94A9C8C280640BE00F1FFEC /* b2_wheel_joint.cpp */; };
		E94A9CE9280640BE00F1FFEC /* b2_motor_joint.cpp in Sources */ = {isa = PBXBuildFile; fileRef = E94A9C8E280640BE00F1FFEC /* b2_motor_joint.cpp */; };
		E94A9CEA280640BE00F1FFEC /* b2_world.cpp in Sources */ = {isa = PBXBuildFile; fileRef = E94A9C8F280640BE00F1FFEC /* b2_world.cpp */; };
		E94A9CEB280640BE00F1FFEC /* b2_island.cpp in Sources */ = {isa = PBXBuildFile; fileRef = E94A9C90280640BE00F1FFEC /* b2_island.cpp */; };
		E94A9CEC280640BE00F1FFEC /* b2_mouse_joint.cpp in Sources */ = {isa = PBXBuildFile; fileRef = E94A9C91280640BE00F1FFEC /* b2_mouse_joint.cpp */; };
		E94A9CED280640BE00F1FFEC /* b2_circle_contact.cpp in Sources */ = {isa = PBXBuildFile; fileRef = E94A9C92280640BE00F1FFEC /* b2_circle_contact.cpp */; };
		E94A9CEE280640BE00F1FFEC /* b2_prismatic_joint.cpp in Sources */ = {isa = PBXBuildFile; fileRef = E94A9C93280640BE00F1FFEC /* b2_prismatic_joint.cpp */; };
		E94A9CEF280640BE00F1FFEC /* b2_fixture.cpp in Sources */ = {isa = PBXBuildFile; fileRef = E94A9C94280640BE00F1FFEC /* b2_fixture.cpp */; };
		E94A9CF0280640BE00F1FFEC /* CMakeLists.txt in Resources */ = {isa = PBXBuildFile; fileRef = E94A9C96280640BE00F1FFEC /* CMakeLists.txt */; };
		E94A9CF1280640BE00F1FFEC /* b2_rope.cpp in Sources */ = {isa = PBXBuildFile; fileRef = E94A9C98280640BE00F1FFEC /* b2_rope.cpp */; };
		E94A9CF2280640BE00F1FFEC /* b2_draw.cpp in Sources */ = {isa = PBXBuildFile; fileRef = E94A9C9A280640BE00F1FFEC /* b2_draw.cpp */; };
		E94A9CF3280640BE00F1FFEC /* b2_timer.cpp in Sources */ = {isa = PBXBuildFile; fileRef = E94A9C9B280640BE00F1FFEC /* b2_timer.cpp */; };
		E94A9CF4280640BE00F1FFEC /* b2_block_allocator.cpp in Sources */ = {isa = PBXBuildFile; fileRef = E94A9C9C280640BE00F1FFEC /* b2_block_allocator.cpp */; };
		E94A9CF5280640BE00F1FFEC /* b2_stack_allocator.cpp in Sources */ = {isa = PBXBuildFile; fileRef = E94A9C9D280640BE00F1FFEC /* b2_stack_allocator.cpp */; };
		E94A9CF6280640BE00F1FFEC /* b2_settings.cpp in Sources */ = {isa = PBXBuildFile; fileRef = E94A9C9E280640BE00F1FFEC /* b2_settings.cpp */; };
		E94A9CF7280640BE00F1FFEC /* b2_math.cpp in Sources */ = {isa = PBXBuildFile; fileRef = E94A9C9F280640BE00F1FFEC /* b2_math.cpp */; };
		E94A9CF8280640BE00F1FFEC /* b2_collide_circle.cpp in Sources */ = {isa = PBXBuildFile; fileRef = E94A9CCA280640BE00F1FFEC /* b2_collide_circle.cpp */; };
		E94A9CF9280640BE00F1FFEC /* b2_circle_shape.cpp in Sources */ = {isa = PBXBuildFile; fileRef = E94A9CCB280640BE00F1FFEC /* b2_circle_shape.cpp */; };
		E94A9CFA280640BE00F1FFEC /* b2_collision.cpp in Sources */ = {isa = PBXBuildFile; fileRef = E94A9CCC280640BE00F1FFEC /* b2_collision.cpp */; };
		E94A9CFB280640BE00F1FFEC /* b2_collide_edge.cpp in Sources */ = {isa = PBXBuildFile; fileRef = E94A9CCD280640BE00F1FFEC /* b2_collide_edge.cpp */; };
		E94A9CFC280640BE00F1FFEC /* b2_chain_shape.cpp in Sources */ = {isa = PBXBuildFile; fileRef = E94A9CCE280640BE00F1FFEC /* b2_chain_shape.cpp */; };
		E94A9CFD280640BE00F1FFEC /* b2_broad_phase.cpp in Sources */ = {isa = PBXBuildFile; fileRef = E94A9CCF280640BE00F1FFEC /* b2_broad_phase.cpp */; };
		E94A9CFE280640BE00F1FFEC /* b2_dynamic_tree.cpp in Sources */ = {isa = PBXBuildFile; fileRef = E94A9CD0280640BE00F1FFEC /* b2_dynamic_tree.cpp */; };
		E94A9CFF280640BE00F1FFEC /* b2_polygon_shape.cpp in Sources */ = {isa = PBXBuildFile; fileRef = E94A9CD1280640BE00F1FFEC /* b2_polygon_shape.cpp */; };
		E94A9D00280640BE00F1FFEC /* b2_collide_polygon.cpp in Sources */ = {isa = PBXBuildFile; fileRef = E94A9CD2280640BE00F1FFEC /* b2_collide_polygon.cpp */; };
		E94A9D01280640BE00F1FFEC /* b2_edge_shape.cpp in Sources */ = {isa = PBXBuildFile; fileRef = E94A9CD3280640BE00F1FFEC /* b2_edge_shape.cpp */; };
		E94A9D02280640BE00F1FFEC /* b2_time_of_impact.cpp in Sources */ = {isa = PBXBuildFile; fileRef = E94A9CD4280640BE00F1FFEC /* b2_time_of_impact.cpp */; };
		E94A9D03280640BE00F1FFEC /* b2_distance.cpp in Sources */ = {isa = PBXBuildFile; fileRef = E94A9CD5280640BE00F1FFEC /* b2_distance.cpp */; };
/* End PBXBuildFile section */

/* Begin PBXFileReference section */
		025AE9B8277337DF00A45ADB /* c8051SwiftGL.app */ = {isa = PBXFileReference; explicitFileType = wrapper.application; includeInIndex = 0; path = c8051SwiftGL.app; sourceTree = BUILT_PRODUCTS_DIR; };
		025AE9BB277337DF00A45ADB /* AppDelegate.swift */ = {isa = PBXFileReference; lastKnownFileType = sourcecode.swift; path = AppDelegate.swift; sourceTree = "<group>"; };
		025AE9BD277337DF00A45ADB /* SceneDelegate.swift */ = {isa = PBXFileReference; lastKnownFileType = sourcecode.swift; path = SceneDelegate.swift; sourceTree = "<group>"; };
		025AE9BF277337DF00A45ADB /* ViewController.swift */ = {isa = PBXFileReference; lastKnownFileType = sourcecode.swift; path = ViewController.swift; sourceTree = "<group>"; };
		025AE9C2277337DF00A45ADB /* Base */ = {isa = PBXFileReference; lastKnownFileType = file.storyboard; name = Base; path = Base.lproj/Main.storyboard; sourceTree = "<group>"; };
		025AE9C4277337E200A45ADB /* Assets.xcassets */ = {isa = PBXFileReference; lastKnownFileType = folder.assetcatalog; path = Assets.xcassets; sourceTree = "<group>"; };
		025AE9C7277337E200A45ADB /* Base */ = {isa = PBXFileReference; lastKnownFileType = file.storyboard; name = Base; path = Base.lproj/LaunchScreen.storyboard; sourceTree = "<group>"; };
		025AE9C9277337E200A45ADB /* Info.plist */ = {isa = PBXFileReference; lastKnownFileType = text.plist.xml; path = Info.plist; sourceTree = "<group>"; };
		025AE9CF2773396200A45ADB /* c8051SwiftGL-Bridging-Header.h */ = {isa = PBXFileReference; lastKnownFileType = sourcecode.c.h; path = "c8051SwiftGL-Bridging-Header.h"; sourceTree = "<group>"; };
		025AE9D02773396300A45ADB /* GLESRenderer.hpp */ = {isa = PBXFileReference; fileEncoding = 4; lastKnownFileType = sourcecode.cpp.h; path = GLESRenderer.hpp; sourceTree = "<group>"; };
		025AE9D12773396300A45ADB /* Renderer.h */ = {isa = PBXFileReference; fileEncoding = 4; lastKnownFileType = sourcecode.c.h; path = Renderer.h; sourceTree = "<group>"; };
		025AE9D22773396300A45ADB /* Renderer.mm */ = {isa = PBXFileReference; fileEncoding = 4; lastKnownFileType = sourcecode.cpp.objcpp; path = Renderer.mm; sourceTree = "<group>"; };
		025AE9D32773396300A45ADB /* GLESRenderer.cpp */ = {isa = PBXFileReference; fileEncoding = 4; lastKnownFileType = sourcecode.cpp.cpp; path = GLESRenderer.cpp; sourceTree = "<group>"; };
		025AE9D6277339AE00A45ADB /* Shader.fsh */ = {isa = PBXFileReference; fileEncoding = 4; lastKnownFileType = sourcecode.glsl; path = Shader.fsh; sourceTree = "<group>"; };
		025AE9D7277339AF00A45ADB /* Shader.vsh */ = {isa = PBXFileReference; fileEncoding = 4; lastKnownFileType = sourcecode.glsl; path = Shader.vsh; sourceTree = "<group>"; };
		3CBC5A5C27F257EC0027E41A /* UIElement.cpp */ = {isa = PBXFileReference; lastKnownFileType = sourcecode.cpp.cpp; path = UIElement.cpp; sourceTree = "<group>"; };
		3CBC5A5D27F257EC0027E41A /* UIElement.hpp */ = {isa = PBXFileReference; lastKnownFileType = sourcecode.cpp.h; path = UIElement.hpp; sourceTree = "<group>"; };
		3CC5C4D627F48AF6003F734C /* times.ttf */ = {isa = PBXFileReference; lastKnownFileType = file; path = times.ttf; sourceTree = "<group>"; };
		3CF7CA1927F44425000F9B92 /* ExitPortal.png */ = {isa = PBXFileReference; lastKnownFileType = image.png; path = ExitPortal.png; sourceTree = "<group>"; };
		3CF7CA1B27F47777000F9B92 /* ft2build.h */ = {isa = PBXFileReference; fileEncoding = 4; lastKnownFileType = sourcecode.c.h; path = ft2build.h; sourceTree = "<group>"; };
		3CF7CA1C27F47B4D000F9B92 /* Font support */ = {isa = PBXFileReference; lastKnownFileType = folder; path = "Font support"; sourceTree = "<group>"; };
		3CF7CA1E27F47B69000F9B92 /* freetype */ = {isa = PBXFileReference; lastKnownFileType = folder; path = freetype; sourceTree = "<group>"; };
		3D30932227EEF92700F3B6CD /* Cylinder.hpp */ = {isa = PBXFileReference; fileEncoding = 4; lastKnownFileType = sourcecode.cpp.h; path = Cylinder.hpp; sourceTree = "<group>"; };
		3D30932327EEF92700F3B6CD /* Cylinder.cpp */ = {isa = PBXFileReference; fileEncoding = 4; lastKnownFileType = sourcecode.cpp.cpp; path = Cylinder.cpp; sourceTree = "<group>"; };
		3D30932727EF464D00F3B6CD /* coin.jpg */ = {isa = PBXFileReference; lastKnownFileType = image.jpeg; path = coin.jpg; sourceTree = "<group>"; };
		6419068027E383DC00D8EA00 /* Scene.cpp */ = {isa = PBXFileReference; lastKnownFileType = sourcecode.cpp.cpp; path = Scene.cpp; sourceTree = "<group>"; };
		6419068127E383DC00D8EA00 /* Scene.hpp */ = {isa = PBXFileReference; lastKnownFileType = sourcecode.cpp.h; path = Scene.hpp; sourceTree = "<group>"; };
		6419068327E3903400D8EA00 /* SceneManager.cpp */ = {isa = PBXFileReference; lastKnownFileType = sourcecode.cpp.cpp; path = SceneManager.cpp; sourceTree = "<group>"; };
		6419068427E3903400D8EA00 /* SceneManager.hpp */ = {isa = PBXFileReference; lastKnownFileType = sourcecode.cpp.h; path = SceneManager.hpp; sourceTree = "<group>"; };
		642CBB2127D669FE00448432 /* Maze.cpp */ = {isa = PBXFileReference; lastKnownFileType = sourcecode.cpp.cpp; path = Maze.cpp; sourceTree = "<group>"; };
		642CBB2227D669FE00448432 /* Maze.hpp */ = {isa = PBXFileReference; lastKnownFileType = sourcecode.cpp.h; path = Maze.hpp; sourceTree = "<group>"; };
		648DD80127E232C800E9FBF0 /* dirt.jpg */ = {isa = PBXFileReference; lastKnownFileType = image.jpeg; path = dirt.jpg; sourceTree = "<group>"; };
		648DD80227E232C800E9FBF0 /* iron.jpg */ = {isa = PBXFileReference; lastKnownFileType = image.jpeg; path = iron.jpg; sourceTree = "<group>"; };
		648DD80527E23FAC00E9FBF0 /* Sphere.cpp */ = {isa = PBXFileReference; lastKnownFileType = sourcecode.cpp.cpp; path = Sphere.cpp; sourceTree = "<group>"; };
		648DD80627E23FAC00E9FBF0 /* Sphere.hpp */ = {isa = PBXFileReference; lastKnownFileType = sourcecode.cpp.h; path = Sphere.hpp; sourceTree = "<group>"; };
		648DD81027E24CFE00E9FBF0 /* Animator.cpp */ = {isa = PBXFileReference; lastKnownFileType = sourcecode.cpp.cpp; path = Animator.cpp; sourceTree = "<group>"; };
		648DD81127E24CFE00E9FBF0 /* Animator.hpp */ = {isa = PBXFileReference; lastKnownFileType = sourcecode.cpp.h; path = Animator.hpp; sourceTree = "<group>"; };
		977F3A5127C5619A00AB8A7B /* Transform.cpp */ = {isa = PBXFileReference; lastKnownFileType = sourcecode.cpp.cpp; path = Transform.cpp; sourceTree = "<group>"; };
		977F3A5227C5619A00AB8A7B /* Transform.hpp */ = {isa = PBXFileReference; lastKnownFileType = sourcecode.cpp.h; path = Transform.hpp; sourceTree = "<group>"; };
		97AAE93C27F260A100801490 /* Global.h */ = {isa = PBXFileReference; lastKnownFileType = sourcecode.c.h; path = Global.h; sourceTree = "<group>"; };
		97F1259127E27A400040AEF8 /* Camera.cpp */ = {isa = PBXFileReference; fileEncoding = 4; lastKnownFileType = sourcecode.cpp.cpp; path = Camera.cpp; sourceTree = "<group>"; };
		97F1259227E27A400040AEF8 /* Camera.hpp */ = {isa = PBXFileReference; fileEncoding = 4; lastKnownFileType = sourcecode.cpp.h; path = Camera.hpp; sourceTree = "<group>"; };
		E917551D27C60FF800FA6B90 /* GameObject.cpp */ = {isa = PBXFileReference; lastKnownFileType = sourcecode.cpp.cpp; path = GameObject.cpp; sourceTree = "<group>"; };
		E917551E27C60FF800FA6B90 /* GameObject.hpp */ = {isa = PBXFileReference; lastKnownFileType = sourcecode.cpp.h; path = GameObject.hpp; sourceTree = "<group>"; };
		E917552027C6121F00FA6B90 /* Drawable.cpp */ = {isa = PBXFileReference; lastKnownFileType = sourcecode.cpp.cpp; path = Drawable.cpp; sourceTree = "<group>"; };
		E917552127C6121F00FA6B90 /* Drawable.hpp */ = {isa = PBXFileReference; lastKnownFileType = sourcecode.cpp.h; path = Drawable.hpp; sourceTree = "<group>"; };
		E917552327C61CA000FA6B90 /* Cube.cpp */ = {isa = PBXFileReference; lastKnownFileType = sourcecode.cpp.cpp; path = Cube.cpp; sourceTree = "<group>"; };
		E917552427C61CA000FA6B90 /* Cube.hpp */ = {isa = PBXFileReference; lastKnownFileType = sourcecode.cpp.h; path = Cube.hpp; sourceTree = "<group>"; };
		E94A9C6E2806407100F1FFEC /* PhysicsEngine.hpp */ = {isa = PBXFileReference; lastKnownFileType = sourcecode.cpp.h; path = PhysicsEngine.hpp; sourceTree = "<group>"; };
		E94A9C6F2806407100F1FFEC /* PhysicsEngine.cpp */ = {isa = PBXFileReference; lastKnownFileType = sourcecode.cpp.cpp; path = PhysicsEngine.cpp; sourceTree = "<group>"; };
		E94A9C73280640BE00F1FFEC /* b2_joint.cpp */ = {isa = PBXFileReference; fileEncoding = 4; lastKnownFileType = sourcecode.cpp.cpp; path = b2_joint.cpp; sourceTree = "<group>"; };
		E94A9C74280640BE00F1FFEC /* b2_chain_polygon_contact.h */ = {isa = PBXFileReference; fileEncoding = 4; lastKnownFileType = sourcecode.c.h; path = b2_chain_polygon_contact.h; sourceTree = "<group>"; };
		E94A9C75280640BE00F1FFEC /* b2_chain_circle_contact.cpp */ = {isa = PBXFileReference; fileEncoding = 4; lastKnownFileType = sourcecode.cpp.cpp; path = b2_chain_circle_contact.cpp; sourceTree = "<group>"; };
		E94A9C76280640BE00F1FFEC /* b2_chain_circle_contact.h */ = {isa = PBXFileReference; fileEncoding = 4; lastKnownFileType = sourcecode.c.h; path = b2_chain_circle_contact.h; sourceTree = "<group>"; };
		E94A9C77280640BE00F1FFEC /* b2_polygon_circle_contact.h */ = {isa = PBXFileReference; fileEncoding = 4; lastKnownFileType = sourcecode.c.h; path = b2_polygon_circle_contact.h; sourceTree = "<group>"; };
		E94A9C78280640BE00F1FFEC /* b2_circle_contact.h */ = {isa = PBXFileReference; fileEncoding = 4; lastKnownFileType = sourcecode.c.h; path = b2_circle_contact.h; sourceTree = "<group>"; };
		E94A9C79280640BE00F1FFEC /* b2_weld_joint.cpp */ = {isa = PBXFileReference; fileEncoding = 4; lastKnownFileType = sourcecode.cpp.cpp; path = b2_weld_joint.cpp; sourceTree = "<group>"; };
		E94A9C7A280640BE00F1FFEC /* b2_chain_polygon_contact.cpp */ = {isa = PBXFileReference; fileEncoding = 4; lastKnownFileType = sourcecode.cpp.cpp; path = b2_chain_polygon_contact.cpp; sourceTree = "<group>"; };
		E94A9C7B280640BE00F1FFEC /* b2_edge_circle_contact.h */ = {isa = PBXFileReference; fileEncoding = 4; lastKnownFileType = sourcecode.c.h; path = b2_edge_circle_contact.h; sourceTree = "<group>"; };
		E94A9C7C280640BE00F1FFEC /* b2_body.cpp */ = {isa = PBXFileReference; fileEncoding = 4; lastKnownFileType = sourcecode.cpp.cpp; path = b2_body.cpp; sourceTree = "<group>"; };
		E94A9C7D280640BE00F1FFEC /* b2_contact.cpp */ = {isa = PBXFileReference; fileEncoding = 4; lastKnownFileType = sourcecode.cpp.cpp; path = b2_contact.cpp; sourceTree = "<group>"; };
		E94A9C7E280640BE00F1FFEC /* b2_revolute_joint.cpp */ = {isa = PBXFileReference; fileEncoding = 4; lastKnownFileType = sourcecode.cpp.cpp; path = b2_revolute_joint.cpp; sourceTree = "<group>"; };
		E94A9C7F280640BE00F1FFEC /* b2_contact_solver.h */ = {isa = PBXFileReference; fileEncoding = 4; lastKnownFileType = sourcecode.c.h; path = b2_contact_solver.h; sourceTree = "<group>"; };
		E94A9C80280640BE00F1FFEC /* b2_contact_solver.cpp */ = {isa = PBXFileReference; fileEncoding = 4; lastKnownFileType = sourcecode.cpp.cpp; path = b2_contact_solver.cpp; sourceTree = "<group>"; };
		E94A9C81280640BE00F1FFEC /* b2_world_callbacks.cpp */ = {isa = PBXFileReference; fileEncoding = 4; lastKnownFileType = sourcecode.cpp.cpp; path = b2_world_callbacks.cpp; sourceTree = "<group>"; };
		E94A9C82280640BE00F1FFEC /* b2_pulley_joint.cpp */ = {isa = PBXFileReference; fileEncoding = 4; lastKnownFileType = sourcecode.cpp.cpp; path = b2_pulley_joint.cpp; sourceTree = "<group>"; };
		E94A9C83280640BE00F1FFEC /* b2_polygon_circle_contact.cpp */ = {isa = PBXFileReference; fileEncoding = 4; lastKnownFileType = sourcecode.cpp.cpp; path = b2_polygon_circle_contact.cpp; sourceTree = "<group>"; };
		E94A9C84280640BE00F1FFEC /* b2_edge_polygon_contact.h */ = {isa = PBXFileReference; fileEncoding = 4; lastKnownFileType = sourcecode.c.h; path = b2_edge_polygon_contact.h; sourceTree = "<group>"; };
		E94A9C85280640BE00F1FFEC /* b2_distance_joint.cpp */ = {isa = PBXFileReference; fileEncoding = 4; lastKnownFileType = sourcecode.cpp.cpp; path = b2_distance_joint.cpp; sourceTree = "<group>"; };
		E94A9C86280640BE00F1FFEC /* b2_contact_manager.cpp */ = {isa = PBXFileReference; fileEncoding = 4; lastKnownFileType = sourcecode.cpp.cpp; path = b2_contact_manager.cpp; sourceTree = "<group>"; };
		E94A9C87280640BE00F1FFEC /* b2_polygon_contact.cpp */ = {isa = PBXFileReference; fileEncoding = 4; lastKnownFileType = sourcecode.cpp.cpp; path = b2_polygon_contact.cpp; sourceTree = "<group>"; };
		E94A9C88280640BE00F1FFEC /* b2_edge_polygon_contact.cpp */ = {isa = PBXFileReference; fileEncoding = 4; lastKnownFileType = sourcecode.cpp.cpp; path = b2_edge_polygon_contact.cpp; sourceTree = "<group>"; };
		E94A9C89280640BE00F1FFEC /* b2_edge_circle_contact.cpp */ = {isa = PBXFileReference; fileEncoding = 4; lastKnownFileType = sourcecode.cpp.cpp; path = b2_edge_circle_contact.cpp; sourceTree = "<group>"; };
		E94A9C8A280640BE00F1FFEC /* b2_gear_joint.cpp */ = {isa = PBXFileReference; fileEncoding = 4; lastKnownFileType = sourcecode.cpp.cpp; path = b2_gear_joint.cpp; sourceTree = "<group>"; };
		E94A9C8B280640BE00F1FFEC /* b2_friction_joint.cpp */ = {isa = PBXFileReference; fileEncoding = 4; lastKnownFileType = sourcecode.cpp.cpp; path = b2_friction_joint.cpp; sourceTree = "<group>"; };
		E94A9C8C280640BE00F1FFEC /* b2_wheel_joint.cpp */ = {isa = PBXFileReference; fileEncoding = 4; lastKnownFileType = sourcecode.cpp.cpp; path = b2_wheel_joint.cpp; sourceTree = "<group>"; };
		E94A9C8D280640BE00F1FFEC /* b2_polygon_contact.h */ = {isa = PBXFileReference; fileEncoding = 4; lastKnownFileType = sourcecode.c.h; path = b2_polygon_contact.h; sourceTree = "<group>"; };
		E94A9C8E280640BE00F1FFEC /* b2_motor_joint.cpp */ = {isa = PBXFileReference; fileEncoding = 4; lastKnownFileType = sourcecode.cpp.cpp; path = b2_motor_joint.cpp; sourceTree = "<group>"; };
		E94A9C8F280640BE00F1FFEC /* b2_world.cpp */ = {isa = PBXFileReference; fileEncoding = 4; lastKnownFileType = sourcecode.cpp.cpp; path = b2_world.cpp; sourceTree = "<group>"; };
		E94A9C90280640BE00F1FFEC /* b2_island.cpp */ = {isa = PBXFileReference; fileEncoding = 4; lastKnownFileType = sourcecode.cpp.cpp; path = b2_island.cpp; sourceTree = "<group>"; };
		E94A9C91280640BE00F1FFEC /* b2_mouse_joint.cpp */ = {isa = PBXFileReference; fileEncoding = 4; lastKnownFileType = sourcecode.cpp.cpp; path = b2_mouse_joint.cpp; sourceTree = "<group>"; };
		E94A9C92280640BE00F1FFEC /* b2_circle_contact.cpp */ = {isa = PBXFileReference; fileEncoding = 4; lastKnownFileType = sourcecode.cpp.cpp; path = b2_circle_contact.cpp; sourceTree = "<group>"; };
		E94A9C93280640BE00F1FFEC /* b2_prismatic_joint.cpp */ = {isa = PBXFileReference; fileEncoding = 4; lastKnownFileType = sourcecode.cpp.cpp; path = b2_prismatic_joint.cpp; sourceTree = "<group>"; };
		E94A9C94280640BE00F1FFEC /* b2_fixture.cpp */ = {isa = PBXFileReference; fileEncoding = 4; lastKnownFileType = sourcecode.cpp.cpp; path = b2_fixture.cpp; sourceTree = "<group>"; };
		E94A9C95280640BE00F1FFEC /* b2_island.h */ = {isa = PBXFileReference; fileEncoding = 4; lastKnownFileType = sourcecode.c.h; path = b2_island.h; sourceTree = "<group>"; };
		E94A9C96280640BE00F1FFEC /* CMakeLists.txt */ = {isa = PBXFileReference; fileEncoding = 4; lastKnownFileType = text; path = CMakeLists.txt; sourceTree = "<group>"; };
		E94A9C98280640BE00F1FFEC /* b2_rope.cpp */ = {isa = PBXFileReference; fileEncoding = 4; lastKnownFileType = sourcecode.cpp.cpp; path = b2_rope.cpp; sourceTree = "<group>"; };
		E94A9C9A280640BE00F1FFEC /* b2_draw.cpp */ = {isa = PBXFileReference; fileEncoding = 4; lastKnownFileType = sourcecode.cpp.cpp; path = b2_draw.cpp; sourceTree = "<group>"; };
		E94A9C9B280640BE00F1FFEC /* b2_timer.cpp */ = {isa = PBXFileReference; fileEncoding = 4; lastKnownFileType = sourcecode.cpp.cpp; path = b2_timer.cpp; sourceTree = "<group>"; };
		E94A9C9C280640BE00F1FFEC /* b2_block_allocator.cpp */ = {isa = PBXFileReference; fileEncoding = 4; lastKnownFileType = sourcecode.cpp.cpp; path = b2_block_allocator.cpp; sourceTree = "<group>"; };
		E94A9C9D280640BE00F1FFEC /* b2_stack_allocator.cpp */ = {isa = PBXFileReference; fileEncoding = 4; lastKnownFileType = sourcecode.cpp.cpp; path = b2_stack_allocator.cpp; sourceTree = "<group>"; };
		E94A9C9E280640BE00F1FFEC /* b2_settings.cpp */ = {isa = PBXFileReference; fileEncoding = 4; lastKnownFileType = sourcecode.cpp.cpp; path = b2_settings.cpp; sourceTree = "<group>"; };
		E94A9C9F280640BE00F1FFEC /* b2_math.cpp */ = {isa = PBXFileReference; fileEncoding = 4; lastKnownFileType = sourcecode.cpp.cpp; path = b2_math.cpp; sourceTree = "<group>"; };
		E94A9CA1280640BE00F1FFEC /* b2_joint.h */ = {isa = PBXFileReference; fileEncoding = 4; lastKnownFileType = sourcecode.c.h; path = b2_joint.h; sourceTree = "<group>"; };
		E94A9CA2280640BE00F1FFEC /* b2_shape.h */ = {isa = PBXFileReference; fileEncoding = 4; lastKnownFileType = sourcecode.c.h; path = b2_shape.h; sourceTree = "<group>"; };
		E94A9CA3280640BE00F1FFEC /* b2_block_allocator.h */ = {isa = PBXFileReference; fileEncoding = 4; lastKnownFileType = sourcecode.c.h; path = b2_block_allocator.h; sourceTree = "<group>"; };
		E94A9CA4280640BE00F1FFEC /* b2_motor_joint.h */ = {isa = PBXFileReference; fileEncoding = 4; lastKnownFileType = sourcecode.c.h; path = b2_motor_joint.h; sourceTree = "<group>"; };
		E94A9CA5280640BE00F1FFEC /* b2_common.h */ = {isa = PBXFileReference; fileEncoding = 4; lastKnownFileType = sourcecode.c.h; path = b2_common.h; sourceTree = "<group>"; };
		E94A9CA6280640BE00F1FFEC /* b2_weld_joint.h */ = {isa = PBXFileReference; fileEncoding = 4; lastKnownFileType = sourcecode.c.h; path = b2_weld_joint.h; sourceTree = "<group>"; };
		E94A9CA7280640BE00F1FFEC /* b2_dynamic_tree.h */ = {isa = PBXFileReference; fileEncoding = 4; lastKnownFileType = sourcecode.c.h; path = b2_dynamic_tree.h; sourceTree = "<group>"; };
		E94A9CA8280640BE00F1FFEC /* b2_fixture.h */ = {isa = PBXFileReference; fileEncoding = 4; lastKnownFileType = sourcecode.c.h; path = b2_fixture.h; sourceTree = "<group>"; };
		E94A9CA9280640BE00F1FFEC /* b2_stack_allocator.h */ = {isa = PBXFileReference; fileEncoding = 4; lastKnownFileType = sourcecode.c.h; path = b2_stack_allocator.h; sourceTree = "<group>"; };
		E94A9CAA280640BE00F1FFEC /* box2d.h */ = {isa = PBXFileReference; fileEncoding = 4; lastKnownFileType = sourcecode.c.h; path = box2d.h; sourceTree = "<group>"; };
		E94A9CAB280640BE00F1FFEC /* b2_types.h */ = {isa = PBXFileReference; fileEncoding = 4; lastKnownFileType = sourcecode.c.h; path = b2_types.h; sourceTree = "<group>"; };
		E94A9CAC280640BE00F1FFEC /* b2_broad_phase.h */ = {isa = PBXFileReference; fileEncoding = 4; lastKnownFileType = sourcecode.c.h; path = b2_broad_phase.h; sourceTree = "<group>"; };
		E94A9CAD280640BE00F1FFEC /* b2_settings.h */ = {isa = PBXFileReference; fileEncoding = 4; lastKnownFileType = sourcecode.c.h; path = b2_settings.h; sourceTree = "<group>"; };
		E94A9CAE280640BE00F1FFEC /* b2_revolute_joint.h */ = {isa = PBXFileReference; fileEncoding = 4; lastKnownFileType = sourcecode.c.h; path = b2_revolute_joint.h; sourceTree = "<group>"; };
		E94A9CAF280640BE00F1FFEC /* b2_rope.h */ = {isa = PBXFileReference; fileEncoding = 4; lastKnownFileType = sourcecode.c.h; path = b2_rope.h; sourceTree = "<group>"; };
		E94A9CB0280640BE00F1FFEC /* b2_distance_joint.h */ = {isa = PBXFileReference; fileEncoding = 4; lastKnownFileType = sourcecode.c.h; path = b2_distance_joint.h; sourceTree = "<group>"; };
		E94A9CB1280640BE00F1FFEC /* b2_body.h */ = {isa = PBXFileReference; fileEncoding = 4; lastKnownFileType = sourcecode.c.h; path = b2_body.h; sourceTree = "<group>"; };
		E94A9CB2280640BE00F1FFEC /* b2_distance.h */ = {isa = PBXFileReference; fileEncoding = 4; lastKnownFileType = sourcecode.c.h; path = b2_distance.h; sourceTree = "<group>"; };
		E94A9CB3280640BE00F1FFEC /* b2_time_step.h */ = {isa = PBXFileReference; fileEncoding = 4; lastKnownFileType = sourcecode.c.h; path = b2_time_step.h; sourceTree = "<group>"; };
		E94A9CB4280640BE00F1FFEC /* b2_pulley_joint.h */ = {isa = PBXFileReference; fileEncoding = 4; lastKnownFileType = sourcecode.c.h; path = b2_pulley_joint.h; sourceTree = "<group>"; };
		E94A9CB5280640BE00F1FFEC /* b2_circle_shape.h */ = {isa = PBXFileReference; fileEncoding = 4; lastKnownFileType = sourcecode.c.h; path = b2_circle_shape.h; sourceTree = "<group>"; };
		E94A9CB6280640BE00F1FFEC /* b2_math.h */ = {isa = PBXFileReference; fileEncoding = 4; lastKnownFileType = sourcecode.c.h; path = b2_math.h; sourceTree = "<group>"; };
		E94A9CB7280640BE00F1FFEC /* b2_time_of_impact.h */ = {isa = PBXFileReference; fileEncoding = 4; lastKnownFileType = sourcecode.c.h; path = b2_time_of_impact.h; sourceTree = "<group>"; };
		E94A9CB8280640BE00F1FFEC /* b2_mouse_joint.h */ = {isa = PBXFileReference; fileEncoding = 4; lastKnownFileType = sourcecode.c.h; path = b2_mouse_joint.h; sourceTree = "<group>"; };
		E94A9CB9280640BE00F1FFEC /* b2_friction_joint.h */ = {isa = PBXFileReference; fileEncoding = 4; lastKnownFileType = sourcecode.c.h; path = b2_friction_joint.h; sourceTree = "<group>"; };
		E94A9CBA280640BE00F1FFEC /* b2_contact.h */ = {isa = PBXFileReference; fileEncoding = 4; lastKnownFileType = sourcecode.c.h; path = b2_contact.h; sourceTree = "<group>"; };
		E94A9CBB280640BE00F1FFEC /* b2_prismatic_joint.h */ = {isa = PBXFileReference; fileEncoding = 4; lastKnownFileType = sourcecode.c.h; path = b2_prismatic_joint.h; sourceTree = "<group>"; };
		E94A9CBC280640BE00F1FFEC /* b2_world.h */ = {isa = PBXFileReference; fileEncoding = 4; lastKnownFileType = sourcecode.c.h; path = b2_world.h; sourceTree = "<group>"; };
		E94A9CBD280640BE00F1FFEC /* b2_polygon_shape.h */ = {isa = PBXFileReference; fileEncoding = 4; lastKnownFileType = sourcecode.c.h; path = b2_polygon_shape.h; sourceTree = "<group>"; };
		E94A9CBE280640BE00F1FFEC /* b2_wheel_joint.h */ = {isa = PBXFileReference; fileEncoding = 4; lastKnownFileType = sourcecode.c.h; path = b2_wheel_joint.h; sourceTree = "<group>"; };
		E94A9CBF280640BE00F1FFEC /* b2_growable_stack.h */ = {isa = PBXFileReference; fileEncoding = 4; lastKnownFileType = sourcecode.c.h; path = b2_growable_stack.h; sourceTree = "<group>"; };
		E94A9CC0280640BE00F1FFEC /* b2_draw.h */ = {isa = PBXFileReference; fileEncoding = 4; lastKnownFileType = sourcecode.c.h; path = b2_draw.h; sourceTree = "<group>"; };
		E94A9CC1280640BE00F1FFEC /* b2_collision.h */ = {isa = PBXFileReference; fileEncoding = 4; lastKnownFileType = sourcecode.c.h; path = b2_collision.h; sourceTree = "<group>"; };
		E94A9CC2280640BE00F1FFEC /* b2_api.h */ = {isa = PBXFileReference; fileEncoding = 4; lastKnownFileType = sourcecode.c.h; path = b2_api.h; sourceTree = "<group>"; };
		E94A9CC3280640BE00F1FFEC /* b2_chain_shape.h */ = {isa = PBXFileReference; fileEncoding = 4; lastKnownFileType = sourcecode.c.h; path = b2_chain_shape.h; sourceTree = "<group>"; };
		E94A9CC4280640BE00F1FFEC /* b2_gear_joint.h */ = {isa = PBXFileReference; fileEncoding = 4; lastKnownFileType = sourcecode.c.h; path = b2_gear_joint.h; sourceTree = "<group>"; };
		E94A9CC5280640BE00F1FFEC /* b2_timer.h */ = {isa = PBXFileReference; fileEncoding = 4; lastKnownFileType = sourcecode.c.h; path = b2_timer.h; sourceTree = "<group>"; };
		E94A9CC6280640BE00F1FFEC /* b2_world_callbacks.h */ = {isa = PBXFileReference; fileEncoding = 4; lastKnownFileType = sourcecode.c.h; path = b2_world_callbacks.h; sourceTree = "<group>"; };
		E94A9CC7280640BE00F1FFEC /* b2_contact_manager.h */ = {isa = PBXFileReference; fileEncoding = 4; lastKnownFileType = sourcecode.c.h; path = b2_contact_manager.h; sourceTree = "<group>"; };
		E94A9CC8280640BE00F1FFEC /* b2_edge_shape.h */ = {isa = PBXFileReference; fileEncoding = 4; lastKnownFileType = sourcecode.c.h; path = b2_edge_shape.h; sourceTree = "<group>"; };
		E94A9CCA280640BE00F1FFEC /* b2_collide_circle.cpp */ = {isa = PBXFileReference; fileEncoding = 4; lastKnownFileType = sourcecode.cpp.cpp; path = b2_collide_circle.cpp; sourceTree = "<group>"; };
		E94A9CCB280640BE00F1FFEC /* b2_circle_shape.cpp */ = {isa = PBXFileReference; fileEncoding = 4; lastKnownFileType = sourcecode.cpp.cpp; path = b2_circle_shape.cpp; sourceTree = "<group>"; };
		E94A9CCC280640BE00F1FFEC /* b2_collision.cpp */ = {isa = PBXFileReference; fileEncoding = 4; lastKnownFileType = sourcecode.cpp.cpp; path = b2_collision.cpp; sourceTree = "<group>"; };
		E94A9CCD280640BE00F1FFEC /* b2_collide_edge.cpp */ = {isa = PBXFileReference; fileEncoding = 4; lastKnownFileType = sourcecode.cpp.cpp; path = b2_collide_edge.cpp; sourceTree = "<group>"; };
		E94A9CCE280640BE00F1FFEC /* b2_chain_shape.cpp */ = {isa = PBXFileReference; fileEncoding = 4; lastKnownFileType = sourcecode.cpp.cpp; path = b2_chain_shape.cpp; sourceTree = "<group>"; };
		E94A9CCF280640BE00F1FFEC /* b2_broad_phase.cpp */ = {isa = PBXFileReference; fileEncoding = 4; lastKnownFileType = sourcecode.cpp.cpp; path = b2_broad_phase.cpp; sourceTree = "<group>"; };
		E94A9CD0280640BE00F1FFEC /* b2_dynamic_tree.cpp */ = {isa = PBXFileReference; fileEncoding = 4; lastKnownFileType = sourcecode.cpp.cpp; path = b2_dynamic_tree.cpp; sourceTree = "<group>"; };
		E94A9CD1280640BE00F1FFEC /* b2_polygon_shape.cpp */ = {isa = PBXFileReference; fileEncoding = 4; lastKnownFileType = sourcecode.cpp.cpp; path = b2_polygon_shape.cpp; sourceTree = "<group>"; };
		E94A9CD2280640BE00F1FFEC /* b2_collide_polygon.cpp */ = {isa = PBXFileReference; fileEncoding = 4; lastKnownFileType = sourcecode.cpp.cpp; path = b2_collide_polygon.cpp; sourceTree = "<group>"; };
		E94A9CD3280640BE00F1FFEC /* b2_edge_shape.cpp */ = {isa = PBXFileReference; fileEncoding = 4; lastKnownFileType = sourcecode.cpp.cpp; path = b2_edge_shape.cpp; sourceTree = "<group>"; };
		E94A9CD4280640BE00F1FFEC /* b2_time_of_impact.cpp */ = {isa = PBXFileReference; fileEncoding = 4; lastKnownFileType = sourcecode.cpp.cpp; path = b2_time_of_impact.cpp; sourceTree = "<group>"; };
		E94A9CD5280640BE00F1FFEC /* b2_distance.cpp */ = {isa = PBXFileReference; fileEncoding = 4; lastKnownFileType = sourcecode.cpp.cpp; path = b2_distance.cpp; sourceTree = "<group>"; };
/* End PBXFileReference section */

/* Begin PBXFrameworksBuildPhase section */
		025AE9B5277337DF00A45ADB /* Frameworks */ = {
			isa = PBXFrameworksBuildPhase;
			buildActionMask = 2147483647;
			files = (
			);
			runOnlyForDeploymentPostprocessing = 0;
		};
/* End PBXFrameworksBuildPhase section */

/* Begin PBXGroup section */
		025AE9AF277337DF00A45ADB = {
			isa = PBXGroup;
			children = (
				025AE9BA277337DF00A45ADB /* c8051SwiftGL */,
				025AE9B9277337DF00A45ADB /* Products */,
			);
			sourceTree = "<group>";
		};
		025AE9B9277337DF00A45ADB /* Products */ = {
			isa = PBXGroup;
			children = (
				025AE9B8277337DF00A45ADB /* c8051SwiftGL.app */,
			);
			name = Products;
			sourceTree = "<group>";
		};
		025AE9BA277337DF00A45ADB /* c8051SwiftGL */ = {
			isa = PBXGroup;
			children = (
				E94A9C71280640BE00F1FFEC /* include */,
				3CF7CA1C27F47B4D000F9B92 /* Font support */,
				3CBC5A5C27F257EC0027E41A /* UIElement.cpp */,
				3CBC5A5D27F257EC0027E41A /* UIElement.hpp */,
				E94A9C6F2806407100F1FFEC /* PhysicsEngine.cpp */,
				E94A9C6E2806407100F1FFEC /* PhysicsEngine.hpp */,
				025AE9D32773396300A45ADB /* GLESRenderer.cpp */,
				025AE9D02773396300A45ADB /* GLESRenderer.hpp */,
				6419068027E383DC00D8EA00 /* Scene.cpp */,
				6419068127E383DC00D8EA00 /* Scene.hpp */,
				6419068327E3903400D8EA00 /* SceneManager.cpp */,
				6419068427E3903400D8EA00 /* SceneManager.hpp */,
				025AE9D12773396300A45ADB /* Renderer.h */,
				025AE9D22773396300A45ADB /* Renderer.mm */,
				025AE9D6277339AE00A45ADB /* Shader.fsh */,
				025AE9D7277339AF00A45ADB /* Shader.vsh */,
				025AE9BB277337DF00A45ADB /* AppDelegate.swift */,
				025AE9BD277337DF00A45ADB /* SceneDelegate.swift */,
				025AE9BF277337DF00A45ADB /* ViewController.swift */,
				025AE9C1277337DF00A45ADB /* Main.storyboard */,
				025AE9C4277337E200A45ADB /* Assets.xcassets */,
				025AE9C6277337E200A45ADB /* LaunchScreen.storyboard */,
				025AE9C9277337E200A45ADB /* Info.plist */,
				025AE9CF2773396200A45ADB /* c8051SwiftGL-Bridging-Header.h */,
				977F3A5127C5619A00AB8A7B /* Transform.cpp */,
				977F3A5227C5619A00AB8A7B /* Transform.hpp */,
				E917551D27C60FF800FA6B90 /* GameObject.cpp */,
				E917551E27C60FF800FA6B90 /* GameObject.hpp */,
				E917552027C6121F00FA6B90 /* Drawable.cpp */,
				3CC5C4D627F48AF6003F734C /* times.ttf */,
				E917552127C6121F00FA6B90 /* Drawable.hpp */,
				E917552327C61CA000FA6B90 /* Cube.cpp */,
				E917552427C61CA000FA6B90 /* Cube.hpp */,
				3D30932327EEF92700F3B6CD /* Cylinder.cpp */,
				3D30932227EEF92700F3B6CD /* Cylinder.hpp */,
				648DD80527E23FAC00E9FBF0 /* Sphere.cpp */,
				648DD80627E23FAC00E9FBF0 /* Sphere.hpp */,
				642CBB2127D669FE00448432 /* Maze.cpp */,
				642CBB2227D669FE00448432 /* Maze.hpp */,
				648DD81027E24CFE00E9FBF0 /* Animator.cpp */,
				648DD81127E24CFE00E9FBF0 /* Animator.hpp */,
				3CF7CA1927F44425000F9B92 /* ExitPortal.png */,
				648DD80227E232C800E9FBF0 /* iron.jpg */,
				648DD80127E232C800E9FBF0 /* dirt.jpg */,
				3D30932727EF464D00F3B6CD /* coin.jpg */,
				3CF7CA1B27F47777000F9B92 /* ft2build.h */,
				3CF7CA1E27F47B69000F9B92 /* freetype */,
				97F1259127E27A400040AEF8 /* Camera.cpp */,
				97F1259227E27A400040AEF8 /* Camera.hpp */,
				97AAE93C27F260A100801490 /* Global.h */,
			);
			path = c8051SwiftGL;
			sourceTree = "<group>";
		};
		E94A9C71280640BE00F1FFEC /* include */ = {
			isa = PBXGroup;
			children = (
				E94A9C72280640BE00F1FFEC /* dynamics */,
				E94A9C96280640BE00F1FFEC /* CMakeLists.txt */,
				E94A9C97280640BE00F1FFEC /* rope */,
				E94A9C99280640BE00F1FFEC /* common */,
				E94A9CA0280640BE00F1FFEC /* box2d */,
				E94A9CC9280640BE00F1FFEC /* collision */,
			);
			path = include;
			sourceTree = "<group>";
		};
		E94A9C72280640BE00F1FFEC /* dynamics */ = {
			isa = PBXGroup;
			children = (
				E94A9C73280640BE00F1FFEC /* b2_joint.cpp */,
				E94A9C74280640BE00F1FFEC /* b2_chain_polygon_contact.h */,
				E94A9C75280640BE00F1FFEC /* b2_chain_circle_contact.cpp */,
				E94A9C76280640BE00F1FFEC /* b2_chain_circle_contact.h */,
				E94A9C77280640BE00F1FFEC /* b2_polygon_circle_contact.h */,
				E94A9C78280640BE00F1FFEC /* b2_circle_contact.h */,
				E94A9C79280640BE00F1FFEC /* b2_weld_joint.cpp */,
				E94A9C7A280640BE00F1FFEC /* b2_chain_polygon_contact.cpp */,
				E94A9C7B280640BE00F1FFEC /* b2_edge_circle_contact.h */,
				E94A9C7C280640BE00F1FFEC /* b2_body.cpp */,
				E94A9C7D280640BE00F1FFEC /* b2_contact.cpp */,
				E94A9C7E280640BE00F1FFEC /* b2_revolute_joint.cpp */,
				E94A9C7F280640BE00F1FFEC /* b2_contact_solver.h */,
				E94A9C80280640BE00F1FFEC /* b2_contact_solver.cpp */,
				E94A9C81280640BE00F1FFEC /* b2_world_callbacks.cpp */,
				E94A9C82280640BE00F1FFEC /* b2_pulley_joint.cpp */,
				E94A9C83280640BE00F1FFEC /* b2_polygon_circle_contact.cpp */,
				E94A9C84280640BE00F1FFEC /* b2_edge_polygon_contact.h */,
				E94A9C85280640BE00F1FFEC /* b2_distance_joint.cpp */,
				E94A9C86280640BE00F1FFEC /* b2_contact_manager.cpp */,
				E94A9C87280640BE00F1FFEC /* b2_polygon_contact.cpp */,
				E94A9C88280640BE00F1FFEC /* b2_edge_polygon_contact.cpp */,
				E94A9C89280640BE00F1FFEC /* b2_edge_circle_contact.cpp */,
				E94A9C8A280640BE00F1FFEC /* b2_gear_joint.cpp */,
				E94A9C8B280640BE00F1FFEC /* b2_friction_joint.cpp */,
				E94A9C8C280640BE00F1FFEC /* b2_wheel_joint.cpp */,
				E94A9C8D280640BE00F1FFEC /* b2_polygon_contact.h */,
				E94A9C8E280640BE00F1FFEC /* b2_motor_joint.cpp */,
				E94A9C8F280640BE00F1FFEC /* b2_world.cpp */,
				E94A9C90280640BE00F1FFEC /* b2_island.cpp */,
				E94A9C91280640BE00F1FFEC /* b2_mouse_joint.cpp */,
				E94A9C92280640BE00F1FFEC /* b2_circle_contact.cpp */,
				E94A9C93280640BE00F1FFEC /* b2_prismatic_joint.cpp */,
				E94A9C94280640BE00F1FFEC /* b2_fixture.cpp */,
				E94A9C95280640BE00F1FFEC /* b2_island.h */,
			);
			path = dynamics;
			sourceTree = "<group>";
		};
		E94A9C97280640BE00F1FFEC /* rope */ = {
			isa = PBXGroup;
			children = (
				E94A9C98280640BE00F1FFEC /* b2_rope.cpp */,
			);
			path = rope;
			sourceTree = "<group>";
		};
		E94A9C99280640BE00F1FFEC /* common */ = {
			isa = PBXGroup;
			children = (
				E94A9C9A280640BE00F1FFEC /* b2_draw.cpp */,
				E94A9C9B280640BE00F1FFEC /* b2_timer.cpp */,
				E94A9C9C280640BE00F1FFEC /* b2_block_allocator.cpp */,
				E94A9C9D280640BE00F1FFEC /* b2_stack_allocator.cpp */,
				E94A9C9E280640BE00F1FFEC /* b2_settings.cpp */,
				E94A9C9F280640BE00F1FFEC /* b2_math.cpp */,
			);
			path = common;
			sourceTree = "<group>";
		};
		E94A9CA0280640BE00F1FFEC /* box2d */ = {
			isa = PBXGroup;
			children = (
				E94A9CA1280640BE00F1FFEC /* b2_joint.h */,
				E94A9CA2280640BE00F1FFEC /* b2_shape.h */,
				E94A9CA3280640BE00F1FFEC /* b2_block_allocator.h */,
				E94A9CA4280640BE00F1FFEC /* b2_motor_joint.h */,
				E94A9CA5280640BE00F1FFEC /* b2_common.h */,
				E94A9CA6280640BE00F1FFEC /* b2_weld_joint.h */,
				E94A9CA7280640BE00F1FFEC /* b2_dynamic_tree.h */,
				E94A9CA8280640BE00F1FFEC /* b2_fixture.h */,
				E94A9CA9280640BE00F1FFEC /* b2_stack_allocator.h */,
				E94A9CAA280640BE00F1FFEC /* box2d.h */,
				E94A9CAB280640BE00F1FFEC /* b2_types.h */,
				E94A9CAC280640BE00F1FFEC /* b2_broad_phase.h */,
				E94A9CAD280640BE00F1FFEC /* b2_settings.h */,
				E94A9CAE280640BE00F1FFEC /* b2_revolute_joint.h */,
				E94A9CAF280640BE00F1FFEC /* b2_rope.h */,
				E94A9CB0280640BE00F1FFEC /* b2_distance_joint.h */,
				E94A9CB1280640BE00F1FFEC /* b2_body.h */,
				E94A9CB2280640BE00F1FFEC /* b2_distance.h */,
				E94A9CB3280640BE00F1FFEC /* b2_time_step.h */,
				E94A9CB4280640BE00F1FFEC /* b2_pulley_joint.h */,
				E94A9CB5280640BE00F1FFEC /* b2_circle_shape.h */,
				E94A9CB6280640BE00F1FFEC /* b2_math.h */,
				E94A9CB7280640BE00F1FFEC /* b2_time_of_impact.h */,
				E94A9CB8280640BE00F1FFEC /* b2_mouse_joint.h */,
				E94A9CB9280640BE00F1FFEC /* b2_friction_joint.h */,
				E94A9CBA280640BE00F1FFEC /* b2_contact.h */,
				E94A9CBB280640BE00F1FFEC /* b2_prismatic_joint.h */,
				E94A9CBC280640BE00F1FFEC /* b2_world.h */,
				E94A9CBD280640BE00F1FFEC /* b2_polygon_shape.h */,
				E94A9CBE280640BE00F1FFEC /* b2_wheel_joint.h */,
				E94A9CBF280640BE00F1FFEC /* b2_growable_stack.h */,
				E94A9CC0280640BE00F1FFEC /* b2_draw.h */,
				E94A9CC1280640BE00F1FFEC /* b2_collision.h */,
				E94A9CC2280640BE00F1FFEC /* b2_api.h */,
				E94A9CC3280640BE00F1FFEC /* b2_chain_shape.h */,
				E94A9CC4280640BE00F1FFEC /* b2_gear_joint.h */,
				E94A9CC5280640BE00F1FFEC /* b2_timer.h */,
				E94A9CC6280640BE00F1FFEC /* b2_world_callbacks.h */,
				E94A9CC7280640BE00F1FFEC /* b2_contact_manager.h */,
				E94A9CC8280640BE00F1FFEC /* b2_edge_shape.h */,
			);
			path = box2d;
			sourceTree = "<group>";
		};
		E94A9CC9280640BE00F1FFEC /* collision */ = {
			isa = PBXGroup;
			children = (
				E94A9CCA280640BE00F1FFEC /* b2_collide_circle.cpp */,
				E94A9CCB280640BE00F1FFEC /* b2_circle_shape.cpp */,
				E94A9CCC280640BE00F1FFEC /* b2_collision.cpp */,
				E94A9CCD280640BE00F1FFEC /* b2_collide_edge.cpp */,
				E94A9CCE280640BE00F1FFEC /* b2_chain_shape.cpp */,
				E94A9CCF280640BE00F1FFEC /* b2_broad_phase.cpp */,
				E94A9CD0280640BE00F1FFEC /* b2_dynamic_tree.cpp */,
				E94A9CD1280640BE00F1FFEC /* b2_polygon_shape.cpp */,
				E94A9CD2280640BE00F1FFEC /* b2_collide_polygon.cpp */,
				E94A9CD3280640BE00F1FFEC /* b2_edge_shape.cpp */,
				E94A9CD4280640BE00F1FFEC /* b2_time_of_impact.cpp */,
				E94A9CD5280640BE00F1FFEC /* b2_distance.cpp */,
			);
			path = collision;
			sourceTree = "<group>";
		};
/* End PBXGroup section */

/* Begin PBXNativeTarget section */
		025AE9B7277337DF00A45ADB /* c8051SwiftGL */ = {
			isa = PBXNativeTarget;
			buildConfigurationList = 025AE9CC277337E200A45ADB /* Build configuration list for PBXNativeTarget "c8051SwiftGL" */;
			buildPhases = (
				025AE9B4277337DF00A45ADB /* Sources */,
				025AE9B5277337DF00A45ADB /* Frameworks */,
				025AE9B6277337DF00A45ADB /* Resources */,
			);
			buildRules = (
			);
			dependencies = (
			);
			name = c8051SwiftGL;
			productName = c8051SwiftGL;
			productReference = 025AE9B8277337DF00A45ADB /* c8051SwiftGL.app */;
			productType = "com.apple.product-type.application";
		};
/* End PBXNativeTarget section */

/* Begin PBXProject section */
		025AE9B0277337DF00A45ADB /* Project object */ = {
			isa = PBXProject;
			attributes = {
				BuildIndependentTargetsInParallel = 1;
				LastSwiftUpdateCheck = 1320;
				LastUpgradeCheck = 1320;
				TargetAttributes = {
					025AE9B7277337DF00A45ADB = {
						CreatedOnToolsVersion = 13.2;
						LastSwiftMigration = 1320;
					};
				};
			};
			buildConfigurationList = 025AE9B3277337DF00A45ADB /* Build configuration list for PBXProject "c8051SwiftGL" */;
			compatibilityVersion = "Xcode 13.0";
			developmentRegion = en;
			hasScannedForEncodings = 0;
			knownRegions = (
				en,
				Base,
			);
			mainGroup = 025AE9AF277337DF00A45ADB;
			productRefGroup = 025AE9B9277337DF00A45ADB /* Products */;
			projectDirPath = "";
			projectRoot = "";
			targets = (
				025AE9B7277337DF00A45ADB /* c8051SwiftGL */,
			);
		};
/* End PBXProject section */

/* Begin PBXResourcesBuildPhase section */
		025AE9B6277337DF00A45ADB /* Resources */ = {
			isa = PBXResourcesBuildPhase;
			buildActionMask = 2147483647;
			files = (
				3D30932827EF464D00F3B6CD /* coin.jpg in Resources */,
				3CF7CA1A27F44425000F9B92 /* ExitPortal.png in Resources */,
				025AE9D8277339AF00A45ADB /* Shader.fsh in Resources */,
				025AE9C8277337E200A45ADB /* LaunchScreen.storyboard in Resources */,
				025AE9C5277337E200A45ADB /* Assets.xcassets in Resources */,
				648DD80327E232C800E9FBF0 /* dirt.jpg in Resources */,
				3CF7CA2027F47B69000F9B92 /* freetype in Resources */,
				3CF7CA1D27F47B4D000F9B92 /* Font support in Resources */,
				E94A9CF0280640BE00F1FFEC /* CMakeLists.txt in Resources */,
				025AE9C3277337DF00A45ADB /* Main.storyboard in Resources */,
				648DD80427E232C800E9FBF0 /* iron.jpg in Resources */,
				025AE9D9277339AF00A45ADB /* Shader.vsh in Resources */,
			);
			runOnlyForDeploymentPostprocessing = 0;
		};
/* End PBXResourcesBuildPhase section */

/* Begin PBXSourcesBuildPhase section */
		025AE9B4277337DF00A45ADB /* Sources */ = {
			isa = PBXSourcesBuildPhase;
			buildActionMask = 2147483647;
			files = (
				E94A9CE0280640BE00F1FFEC /* b2_polygon_circle_contact.cpp in Sources */,
				E94A9CFE280640BE00F1FFEC /* b2_dynamic_tree.cpp in Sources */,
				3CBC5A5E27F257EC0027E41A /* UIElement.cpp in Sources */,
				97F1259327E27A400040AEF8 /* Camera.cpp in Sources */,
				E94A9CD6280640BE00F1FFEC /* b2_joint.cpp in Sources */,
				648DD81227E24CFE00E9FBF0 /* Animator.cpp in Sources */,
				E917552527C61CA000FA6B90 /* Cube.cpp in Sources */,
				025AE9D52773396300A45ADB /* GLESRenderer.cpp in Sources */,
				642CBB2327D669FE00448432 /* Maze.cpp in Sources */,
				E94A9CFB280640BE00F1FFEC /* b2_collide_edge.cpp in Sources */,
				E94A9CF7280640BE00F1FFEC /* b2_math.cpp in Sources */,
				977F3A5327C5619A00AB8A7B /* Transform.cpp in Sources */,
				E94A9CE5280640BE00F1FFEC /* b2_edge_circle_contact.cpp in Sources */,
				E94A9CE1280640BE00F1FFEC /* b2_distance_joint.cpp in Sources */,
				025AE9C0277337DF00A45ADB /* ViewController.swift in Sources */,
				3D30932427EEF92700F3B6CD /* Cylinder.cpp in Sources */,
				E94A9D01280640BE00F1FFEC /* b2_edge_shape.cpp in Sources */,
				E94A9CFA280640BE00F1FFEC /* b2_collision.cpp in Sources */,
				E94A9CE2280640BE00F1FFEC /* b2_contact_manager.cpp in Sources */,
				E94A9CFC280640BE00F1FFEC /* b2_chain_shape.cpp in Sources */,
				E94A9CE7280640BE00F1FFEC /* b2_friction_joint.cpp in Sources */,
				E94A9CEC280640BE00F1FFEC /* b2_mouse_joint.cpp in Sources */,
				E94A9CE3280640BE00F1FFEC /* b2_polygon_contact.cpp in Sources */,
				025AE9BC277337DF00A45ADB /* AppDelegate.swift in Sources */,
				E94A9CEE280640BE00F1FFEC /* b2_prismatic_joint.cpp in Sources */,
				E94A9CE8280640BE00F1FFEC /* b2_wheel_joint.cpp in Sources */,
				E94A9CDD280640BE00F1FFEC /* b2_contact_solver.cpp in Sources */,
				E94A9CF4280640BE00F1FFEC /* b2_block_allocator.cpp in Sources */,
				E94A9CDC280640BE00F1FFEC /* b2_revolute_joint.cpp in Sources */,
				E94A9D02280640BE00F1FFEC /* b2_time_of_impact.cpp in Sources */,
				E94A9CDF280640BE00F1FFEC /* b2_pulley_joint.cpp in Sources */,
				6419068227E383DC00D8EA00 /* Scene.cpp in Sources */,
				025AE9D42773396300A45ADB /* Renderer.mm in Sources */,
				E94A9CEA280640BE00F1FFEC /* b2_world.cpp in Sources */,
				648DD80727E23FAC00E9FBF0 /* Sphere.cpp in Sources */,
				E94A9CED280640BE00F1FFEC /* b2_circle_contact.cpp in Sources */,
				E94A9CF8280640BE00F1FFEC /* b2_collide_circle.cpp in Sources */,
				E94A9CFF280640BE00F1FFEC /* b2_polygon_shape.cpp in Sources */,
				E917552227C6121F00FA6B90 /* Drawable.cpp in Sources */,
				E94A9CF6280640BE00F1FFEC /* b2_settings.cpp in Sources */,
				E94A9CD9280640BE00F1FFEC /* b2_chain_polygon_contact.cpp in Sources */,
				025AE9BE277337DF00A45ADB /* SceneDelegate.swift in Sources */,
				E94A9CF3280640BE00F1FFEC /* b2_timer.cpp in Sources */,
				E94A9CF2280640BE00F1FFEC /* b2_draw.cpp in Sources */,
				E94A9CE4280640BE00F1FFEC /* b2_edge_polygon_contact.cpp in Sources */,
				E94A9CE9280640BE00F1FFEC /* b2_motor_joint.cpp in Sources */,
				E94A9C702806407200F1FFEC /* PhysicsEngine.cpp in Sources */,
				E94A9D03280640BE00F1FFEC /* b2_distance.cpp in Sources */,
				E94A9CF1280640BE00F1FFEC /* b2_rope.cpp in Sources */,
				E917551F27C60FF800FA6B90 /* GameObject.cpp in Sources */,
				E94A9CF5280640BE00F1FFEC /* b2_stack_allocator.cpp in Sources */,
				E94A9CD7280640BE00F1FFEC /* b2_chain_circle_contact.cpp in Sources */,
				E94A9CE6280640BE00F1FFEC /* b2_gear_joint.cpp in Sources */,
				E94A9CEF280640BE00F1FFEC /* b2_fixture.cpp in Sources */,
				E94A9CF9280640BE00F1FFEC /* b2_circle_shape.cpp in Sources */,
				E94A9CD8280640BE00F1FFEC /* b2_weld_joint.cpp in Sources */,
				E94A9CDA280640BE00F1FFEC /* b2_body.cpp in Sources */,
				E94A9CFD280640BE00F1FFEC /* b2_broad_phase.cpp in Sources */,
				E94A9CEB280640BE00F1FFEC /* b2_island.cpp in Sources */,
				E94A9CDE280640BE00F1FFEC /* b2_world_callbacks.cpp in Sources */,
				E94A9D00280640BE00F1FFEC /* b2_collide_polygon.cpp in Sources */,
				E94A9CDB280640BE00F1FFEC /* b2_contact.cpp in Sources */,
				6419068527E3903400D8EA00 /* SceneManager.cpp in Sources */,
			);
			runOnlyForDeploymentPostprocessing = 0;
		};
/* End PBXSourcesBuildPhase section */

/* Begin PBXVariantGroup section */
		025AE9C1277337DF00A45ADB /* Main.storyboard */ = {
			isa = PBXVariantGroup;
			children = (
				025AE9C2277337DF00A45ADB /* Base */,
			);
			name = Main.storyboard;
			sourceTree = "<group>";
		};
		025AE9C6277337E200A45ADB /* LaunchScreen.storyboard */ = {
			isa = PBXVariantGroup;
			children = (
				025AE9C7277337E200A45ADB /* Base */,
			);
			name = LaunchScreen.storyboard;
			sourceTree = "<group>";
		};
/* End PBXVariantGroup section */

/* Begin XCBuildConfiguration section */
		025AE9CA277337E200A45ADB /* Debug */ = {
			isa = XCBuildConfiguration;
			buildSettings = {
				ALWAYS_SEARCH_USER_PATHS = NO;
				CLANG_ANALYZER_NONNULL = YES;
				CLANG_ANALYZER_NUMBER_OBJECT_CONVERSION = YES_AGGRESSIVE;
				CLANG_CXX_LANGUAGE_STANDARD = "gnu++17";
				CLANG_CXX_LIBRARY = "libc++";
				CLANG_ENABLE_MODULES = YES;
				CLANG_ENABLE_OBJC_ARC = YES;
				CLANG_ENABLE_OBJC_WEAK = YES;
				CLANG_WARN_BLOCK_CAPTURE_AUTORELEASING = YES;
				CLANG_WARN_BOOL_CONVERSION = YES;
				CLANG_WARN_COMMA = YES;
				CLANG_WARN_CONSTANT_CONVERSION = YES;
				CLANG_WARN_DEPRECATED_OBJC_IMPLEMENTATIONS = YES;
				CLANG_WARN_DIRECT_OBJC_ISA_USAGE = YES_ERROR;
				CLANG_WARN_DOCUMENTATION_COMMENTS = YES;
				CLANG_WARN_EMPTY_BODY = YES;
				CLANG_WARN_ENUM_CONVERSION = YES;
				CLANG_WARN_INFINITE_RECURSION = YES;
				CLANG_WARN_INT_CONVERSION = YES;
				CLANG_WARN_NON_LITERAL_NULL_CONVERSION = YES;
				CLANG_WARN_OBJC_IMPLICIT_RETAIN_SELF = YES;
				CLANG_WARN_OBJC_LITERAL_CONVERSION = YES;
				CLANG_WARN_OBJC_ROOT_CLASS = YES_ERROR;
				CLANG_WARN_QUOTED_INCLUDE_IN_FRAMEWORK_HEADER = YES;
				CLANG_WARN_RANGE_LOOP_ANALYSIS = YES;
				CLANG_WARN_STRICT_PROTOTYPES = YES;
				CLANG_WARN_SUSPICIOUS_MOVE = YES;
				CLANG_WARN_UNGUARDED_AVAILABILITY = YES_AGGRESSIVE;
				CLANG_WARN_UNREACHABLE_CODE = YES;
				CLANG_WARN__DUPLICATE_METHOD_MATCH = YES;
				COPY_PHASE_STRIP = NO;
				DEBUG_INFORMATION_FORMAT = dwarf;
				ENABLE_STRICT_OBJC_MSGSEND = YES;
				ENABLE_TESTABILITY = YES;
				GCC_C_LANGUAGE_STANDARD = gnu11;
				GCC_DYNAMIC_NO_PIC = NO;
				GCC_NO_COMMON_BLOCKS = YES;
				GCC_OPTIMIZATION_LEVEL = 0;
				GCC_PREPROCESSOR_DEFINITIONS = (
					GLES_SILENCE_DEPRECATION,
					"DEBUG=1",
				);
				GCC_WARN_64_TO_32_BIT_CONVERSION = YES;
				GCC_WARN_ABOUT_RETURN_TYPE = YES_ERROR;
				GCC_WARN_UNDECLARED_SELECTOR = YES;
				GCC_WARN_UNINITIALIZED_AUTOS = YES_AGGRESSIVE;
				GCC_WARN_UNUSED_FUNCTION = YES;
				GCC_WARN_UNUSED_VARIABLE = YES;
				IPHONEOS_DEPLOYMENT_TARGET = 15.2;
				MTL_ENABLE_DEBUG_INFO = INCLUDE_SOURCE;
				MTL_FAST_MATH = YES;
				ONLY_ACTIVE_ARCH = YES;
				SDKROOT = iphoneos;
				SWIFT_ACTIVE_COMPILATION_CONDITIONS = DEBUG;
				SWIFT_OPTIMIZATION_LEVEL = "-Onone";
			};
			name = Debug;
		};
		025AE9CB277337E200A45ADB /* Release */ = {
			isa = XCBuildConfiguration;
			buildSettings = {
				ALWAYS_SEARCH_USER_PATHS = NO;
				CLANG_ANALYZER_NONNULL = YES;
				CLANG_ANALYZER_NUMBER_OBJECT_CONVERSION = YES_AGGRESSIVE;
				CLANG_CXX_LANGUAGE_STANDARD = "gnu++17";
				CLANG_CXX_LIBRARY = "libc++";
				CLANG_ENABLE_MODULES = YES;
				CLANG_ENABLE_OBJC_ARC = YES;
				CLANG_ENABLE_OBJC_WEAK = YES;
				CLANG_WARN_BLOCK_CAPTURE_AUTORELEASING = YES;
				CLANG_WARN_BOOL_CONVERSION = YES;
				CLANG_WARN_COMMA = YES;
				CLANG_WARN_CONSTANT_CONVERSION = YES;
				CLANG_WARN_DEPRECATED_OBJC_IMPLEMENTATIONS = YES;
				CLANG_WARN_DIRECT_OBJC_ISA_USAGE = YES_ERROR;
				CLANG_WARN_DOCUMENTATION_COMMENTS = YES;
				CLANG_WARN_EMPTY_BODY = YES;
				CLANG_WARN_ENUM_CONVERSION = YES;
				CLANG_WARN_INFINITE_RECURSION = YES;
				CLANG_WARN_INT_CONVERSION = YES;
				CLANG_WARN_NON_LITERAL_NULL_CONVERSION = YES;
				CLANG_WARN_OBJC_IMPLICIT_RETAIN_SELF = YES;
				CLANG_WARN_OBJC_LITERAL_CONVERSION = YES;
				CLANG_WARN_OBJC_ROOT_CLASS = YES_ERROR;
				CLANG_WARN_QUOTED_INCLUDE_IN_FRAMEWORK_HEADER = YES;
				CLANG_WARN_RANGE_LOOP_ANALYSIS = YES;
				CLANG_WARN_STRICT_PROTOTYPES = YES;
				CLANG_WARN_SUSPICIOUS_MOVE = YES;
				CLANG_WARN_UNGUARDED_AVAILABILITY = YES_AGGRESSIVE;
				CLANG_WARN_UNREACHABLE_CODE = YES;
				CLANG_WARN__DUPLICATE_METHOD_MATCH = YES;
				COPY_PHASE_STRIP = NO;
				DEBUG_INFORMATION_FORMAT = "dwarf-with-dsym";
				ENABLE_NS_ASSERTIONS = NO;
				ENABLE_STRICT_OBJC_MSGSEND = YES;
				GCC_C_LANGUAGE_STANDARD = gnu11;
				GCC_NO_COMMON_BLOCKS = YES;
				GCC_PREPROCESSOR_DEFINITIONS = GLES_SILENCE_DEPRECATION;
				GCC_WARN_64_TO_32_BIT_CONVERSION = YES;
				GCC_WARN_ABOUT_RETURN_TYPE = YES_ERROR;
				GCC_WARN_UNDECLARED_SELECTOR = YES;
				GCC_WARN_UNINITIALIZED_AUTOS = YES_AGGRESSIVE;
				GCC_WARN_UNUSED_FUNCTION = YES;
				GCC_WARN_UNUSED_VARIABLE = YES;
				IPHONEOS_DEPLOYMENT_TARGET = 15.2;
				MTL_ENABLE_DEBUG_INFO = NO;
				MTL_FAST_MATH = YES;
				SDKROOT = iphoneos;
				SWIFT_COMPILATION_MODE = wholemodule;
				SWIFT_OPTIMIZATION_LEVEL = "-O";
				VALIDATE_PRODUCT = YES;
			};
			name = Release;
		};
		025AE9CD277337E200A45ADB /* Debug */ = {
			isa = XCBuildConfiguration;
			buildSettings = {
				ASSETCATALOG_COMPILER_APPICON_NAME = AppIcon;
				ASSETCATALOG_COMPILER_GLOBAL_ACCENT_COLOR_NAME = AccentColor;
				CLANG_ENABLE_MODULES = YES;
				CODE_SIGN_STYLE = Automatic;
				CURRENT_PROJECT_VERSION = 1;
				DEVELOPMENT_TEAM = 5SVU69G5YL;
				GENERATE_INFOPLIST_FILE = YES;
				INFOPLIST_FILE = c8051SwiftGL/Info.plist;
				INFOPLIST_KEY_UIApplicationSupportsIndirectInputEvents = YES;
				INFOPLIST_KEY_UILaunchStoryboardName = LaunchScreen;
				INFOPLIST_KEY_UIMainStoryboardFile = Main;
				INFOPLIST_KEY_UISupportedInterfaceOrientations_iPad = "UIInterfaceOrientationPortrait UIInterfaceOrientationPortraitUpsideDown UIInterfaceOrientationLandscapeLeft UIInterfaceOrientationLandscapeRight";
				INFOPLIST_KEY_UISupportedInterfaceOrientations_iPhone = "UIInterfaceOrientationPortrait UIInterfaceOrientationLandscapeLeft UIInterfaceOrientationLandscapeRight";
				LD_RUNPATH_SEARCH_PATHS = (
					"$(inherited)",
					"@executable_path/Frameworks",
				);
				MARKETING_VERSION = 1.0;
				PRODUCT_BUNDLE_IDENTIFIER = ca.btechgames.c8051SwiftGL;
				PRODUCT_NAME = "$(TARGET_NAME)";
				SWIFT_EMIT_LOC_STRINGS = YES;
				SWIFT_OBJC_BRIDGING_HEADER = "c8051SwiftGL/c8051SwiftGL-Bridging-Header.h";
				SWIFT_OPTIMIZATION_LEVEL = "-Onone";
				SWIFT_VERSION = 5.0;
				TARGETED_DEVICE_FAMILY = "1,2";
				USER_HEADER_SEARCH_PATHS = "$(SRCROOT)/$(TARGET_NAME)/**";
			};
			name = Debug;
		};
		025AE9CE277337E200A45ADB /* Release */ = {
			isa = XCBuildConfiguration;
			buildSettings = {
				ASSETCATALOG_COMPILER_APPICON_NAME = AppIcon;
				ASSETCATALOG_COMPILER_GLOBAL_ACCENT_COLOR_NAME = AccentColor;
				CLANG_ENABLE_MODULES = YES;
				CODE_SIGN_STYLE = Automatic;
				CURRENT_PROJECT_VERSION = 1;
				DEVELOPMENT_TEAM = 5SVU69G5YL;
				GENERATE_INFOPLIST_FILE = YES;
				INFOPLIST_FILE = c8051SwiftGL/Info.plist;
				INFOPLIST_KEY_UIApplicationSupportsIndirectInputEvents = YES;
				INFOPLIST_KEY_UILaunchStoryboardName = LaunchScreen;
				INFOPLIST_KEY_UIMainStoryboardFile = Main;
				INFOPLIST_KEY_UISupportedInterfaceOrientations_iPad = "UIInterfaceOrientationPortrait UIInterfaceOrientationPortraitUpsideDown UIInterfaceOrientationLandscapeLeft UIInterfaceOrientationLandscapeRight";
				INFOPLIST_KEY_UISupportedInterfaceOrientations_iPhone = "UIInterfaceOrientationPortrait UIInterfaceOrientationLandscapeLeft UIInterfaceOrientationLandscapeRight";
				LD_RUNPATH_SEARCH_PATHS = (
					"$(inherited)",
					"@executable_path/Frameworks",
				);
				MARKETING_VERSION = 1.0;
				PRODUCT_BUNDLE_IDENTIFIER = ca.btechgames.c8051SwiftGL;
				PRODUCT_NAME = "$(TARGET_NAME)";
				SWIFT_EMIT_LOC_STRINGS = YES;
				SWIFT_OBJC_BRIDGING_HEADER = "c8051SwiftGL/c8051SwiftGL-Bridging-Header.h";
				SWIFT_VERSION = 5.0;
				TARGETED_DEVICE_FAMILY = "1,2";
				USER_HEADER_SEARCH_PATHS = "$(SRCROOT)/$(TARGET_NAME)/**";
			};
			name = Release;
		};
/* End XCBuildConfiguration section */

/* Begin XCConfigurationList section */
		025AE9B3277337DF00A45ADB /* Build configuration list for PBXProject "c8051SwiftGL" */ = {
			isa = XCConfigurationList;
			buildConfigurations = (
				025AE9CA277337E200A45ADB /* Debug */,
				025AE9CB277337E200A45ADB /* Release */,
			);
			defaultConfigurationIsVisible = 0;
			defaultConfigurationName = Release;
		};
		025AE9CC277337E200A45ADB /* Build configuration list for PBXNativeTarget "c8051SwiftGL" */ = {
			isa = XCConfigurationList;
			buildConfigurations = (
				025AE9CD277337E200A45ADB /* Debug */,
				025AE9CE277337E200A45ADB /* Release */,
			);
			defaultConfigurationIsVisible = 0;
			defaultConfigurationName = Release;
		};
/* End XCConfigurationList section */
	};
	rootObject = 025AE9B0277337DF00A45ADB /* Project object */;
}
